
Microsoft Visual Studio Solution File, Format Version 12.00
# Visual Studio Version 17
VisualStudioVersion = 17.1.32407.343
MinimumVisualStudioVersion = 10.0.40219.1
Project("{9A19103F-16F7-4668-BE54-9A1E7A4F7556}") = "BeatTogether.DedicatedServer", "BeatTogether.DedicatedServer\BeatTogether.DedicatedServer.csproj", "{F6DF0421-F1E9-4DD3-982D-5BAD7B9B83F0}"
EndProject
Project("{9A19103F-16F7-4668-BE54-9A1E7A4F7556}") = "BeatTogether.DedicatedServer.Kernel", "BeatTogether.DedicatedServer.Kernel\BeatTogether.DedicatedServer.Kernel.csproj", "{568FA7D9-6CB7-4A15-B3C0-BA7F02E05FE5}"
EndProject
Project("{9A19103F-16F7-4668-BE54-9A1E7A4F7556}") = "BeatTogether.DedicatedServer.Interface", "BeatTogether.DedicatedServer.Interface\BeatTogether.DedicatedServer.Interface.csproj", "{0E80C7B3-94A7-4C07-A959-9B937D2666EE}"
EndProject
Project("{9A19103F-16F7-4668-BE54-9A1E7A4F7556}") = "BeatTogether.DedicatedServer.Messaging", "BeatTogether.DedicatedServer.Messaging\BeatTogether.DedicatedServer.Messaging.csproj", "{1217B128-4589-4307-94A6-FCFAECF855DC}"
EndProject
Project("{9A19103F-16F7-4668-BE54-9A1E7A4F7556}") = "BeatTogether.DedicatedServer.Node", "BeatTogether.DedicatedServer.Node\BeatTogether.DedicatedServer.Node.csproj", "{D2B3DC3B-FECD-4E06-8B20-7A60A0BE3C2E}"
EndProject
Project("{FAE04EC0-301F-11D3-BF4B-00C04F79EFBC}") = "BeatTogether.DedicatedServer.Ignorance", "BeatTogether.DedicatedServer.Ignorance\BeatTogether.DedicatedServer.Ignorance.csproj", "{775C10CC-FE88-41DD-A9E3-7F66CBA87470}"
EndProject
Global
	GlobalSection(SolutionConfigurationPlatforms) = preSolution
		Debug|Any CPU = Debug|Any CPU
		Release|Any CPU = Release|Any CPU
	EndGlobalSection
	GlobalSection(ProjectConfigurationPlatforms) = postSolution
		{F6DF0421-F1E9-4DD3-982D-5BAD7B9B83F0}.Debug|Any CPU.ActiveCfg = Debug|Any CPU
		{F6DF0421-F1E9-4DD3-982D-5BAD7B9B83F0}.Debug|Any CPU.Build.0 = Debug|Any CPU
		{F6DF0421-F1E9-4DD3-982D-5BAD7B9B83F0}.Release|Any CPU.ActiveCfg = Release|Any CPU
		{F6DF0421-F1E9-4DD3-982D-5BAD7B9B83F0}.Release|Any CPU.Build.0 = Release|Any CPU
		{568FA7D9-6CB7-4A15-B3C0-BA7F02E05FE5}.Debug|Any CPU.ActiveCfg = Debug|Any CPU
		{568FA7D9-6CB7-4A15-B3C0-BA7F02E05FE5}.Debug|Any CPU.Build.0 = Debug|Any CPU
		{568FA7D9-6CB7-4A15-B3C0-BA7F02E05FE5}.Release|Any CPU.ActiveCfg = Release|Any CPU
		{568FA7D9-6CB7-4A15-B3C0-BA7F02E05FE5}.Release|Any CPU.Build.0 = Release|Any CPU
		{0E80C7B3-94A7-4C07-A959-9B937D2666EE}.Debug|Any CPU.ActiveCfg = Debug|Any CPU
		{0E80C7B3-94A7-4C07-A959-9B937D2666EE}.Debug|Any CPU.Build.0 = Debug|Any CPU
		{0E80C7B3-94A7-4C07-A959-9B937D2666EE}.Release|Any CPU.ActiveCfg = Release|Any CPU
		{0E80C7B3-94A7-4C07-A959-9B937D2666EE}.Release|Any CPU.Build.0 = Release|Any CPU
		{1217B128-4589-4307-94A6-FCFAECF855DC}.Debug|Any CPU.ActiveCfg = Debug|Any CPU
		{1217B128-4589-4307-94A6-FCFAECF855DC}.Debug|Any CPU.Build.0 = Debug|Any CPU
		{1217B128-4589-4307-94A6-FCFAECF855DC}.Release|Any CPU.ActiveCfg = Release|Any CPU
		{1217B128-4589-4307-94A6-FCFAECF855DC}.Release|Any CPU.Build.0 = Release|Any CPU
		{D2B3DC3B-FECD-4E06-8B20-7A60A0BE3C2E}.Debug|Any CPU.ActiveCfg = Debug|Any CPU
		{D2B3DC3B-FECD-4E06-8B20-7A60A0BE3C2E}.Debug|Any CPU.Build.0 = Debug|Any CPU
		{D2B3DC3B-FECD-4E06-8B20-7A60A0BE3C2E}.Release|Any CPU.ActiveCfg = Release|Any CPU
		{D2B3DC3B-FECD-4E06-8B20-7A60A0BE3C2E}.Release|Any CPU.Build.0 = Release|Any CPU
		{775C10CC-FE88-41DD-A9E3-7F66CBA87470}.Debug|Any CPU.ActiveCfg = Debug|Any CPU
		{775C10CC-FE88-41DD-A9E3-7F66CBA87470}.Debug|Any CPU.Build.0 = Debug|Any CPU
		{775C10CC-FE88-41DD-A9E3-7F66CBA87470}.Release|Any CPU.ActiveCfg = Release|Any CPU
		{775C10CC-FE88-41DD-A9E3-7F66CBA87470}.Release|Any CPU.Build.0 = Release|Any CPU
	EndGlobalSection
	GlobalSection(SolutionProperties) = preSolution
		HideSolutionNode = FALSE
	EndGlobalSection
	GlobalSection(ExtensibilityGlobals) = postSolution
		SolutionGuid = {38884319-D38A-4A5E-AA9D-3F8D3943D058}
	EndGlobalSection
EndGlobal
